
Microsoft Visual Studio Solution File, Format Version 12.00
# Visual Studio Version 17
VisualStudioVersion = 17.13.35931.197
MinimumVisualStudioVersion = 10.0.40219.1
Project("{FAE04EC0-301F-11D3-BF4B-00C04F79EFBC}") = "spotifyDragDrop", "spotifyDragDrop.csproj", "{493E26B2-EBDF-4EFB-AD63-0C27F20B1B8F}"
EndProject
Global
	GlobalSection(SolutionConfigurationPlatforms) = preSolution
		Debug|Any CPU = Debug|Any CPU
		Release|Any CPU = Release|Any CPU
	EndGlobalSection
	GlobalSection(ProjectConfigurationPlatforms) = postSolution
		{493E26B2-EBDF-4EFB-AD63-0C27F20B1B8F}.Debug|Any CPU.ActiveCfg = Debug|Any CPU
		{493E26B2-EBDF-4EFB-AD63-0C27F20B1B8F}.Debug|Any CPU.Build.0 = Debug|Any CPU
		{493E26B2-EBDF-4EFB-AD63-0C27F20B1B8F}.Release|Any CPU.ActiveCfg = Debug|Any CPU
		{493E26B2-EBDF-4EFB-AD63-0C27F20B1B8F}.Release|Any CPU.Build.0 = Debug|Any CPU
	EndGlobalSection
	GlobalSection(SolutionProperties) = preSolution
		HideSolutionNode = FALSE
	EndGlobalSection
	GlobalSection(ExtensibilityGlobals) = postSolution
		SolutionGuid = {7E1E4261-89B6-47E4-82BE-91E788D03139}
	EndGlobalSection
EndGlobal
